// !$*UTF8*$!
{
	archiveVersion = 1;
	classes = {
	};
	objectVersion = 46;
	objects = {

/* Begin PBXBuildFile section */
		59E7BA2C1D640CDD00696AF4 /* main.m in Sources */ = {isa = PBXBuildFile; fileRef = 59E7BA2B1D640CDD00696AF4 /* main.m */; };
		59E7BA2F1D640CDD00696AF4 /* AppDelegate.m in Sources */ = {isa = PBXBuildFile; fileRef = 59E7BA2E1D640CDD00696AF4 /* AppDelegate.m */; };
		59E7BA321D640CDD00696AF4 /* ViewController.m in Sources */ = {isa = PBXBuildFile; fileRef = 59E7BA311D640CDD00696AF4 /* ViewController.m */; };
		59E7BA351D640CDD00696AF4 /* Main.storyboard in Resources */ = {isa = PBXBuildFile; fileRef = 59E7BA331D640CDD00696AF4 /* Main.storyboard */; };
		59E7BA371D640CDE00696AF4 /* Assets.xcassets in Resources */ = {isa = PBXBuildFile; fileRef = 59E7BA361D640CDD00696AF4 /* Assets.xcassets */; };
		59E7BA3A1D640CDE00696AF4 /* LaunchScreen.storyboard in Resources */ = {isa = PBXBuildFile; fileRef = 59E7BA381D640CDE00696AF4 /* LaunchScreen.storyboard */; };
		59E7BA4D1D6446F700696AF4 /* image.png in Resources */ = {isa = PBXBuildFile; fileRef = 59E7BA4C1D6446F700696AF4 /* image.png */; };
		59E7BA511D646F2700696AF4 /* SUtil.m in Sources */ = {isa = PBXBuildFile; fileRef = 59E7BA501D646F2700696AF4 /* SUtil.m */; };
/* End PBXBuildFile section */

/* Begin PBXFileReference section */
		59E7BA271D640CDD00696AF4 /* SUtilDemo.app */ = {isa = PBXFileReference; explicitFileType = wrapper.application; includeInIndex = 0; path = SUtilDemo.app; sourceTree = BUILT_PRODUCTS_DIR; };
		59E7BA2B1D640CDD00696AF4 /* main.m */ = {isa = PBXFileReference; lastKnownFileType = sourcecode.c.objc; path = main.m; sourceTree = "<group>"; };
		59E7BA2D1D640CDD00696AF4 /* AppDelegate.h */ = {isa = PBXFileReference; lastKnownFileType = sourcecode.c.h; path = AppDelegate.h; sourceTree = "<group>"; };
		59E7BA2E1D640CDD00696AF4 /* AppDelegate.m */ = {isa = PBXFileReference; lastKnownFileType = sourcecode.c.objc; path = AppDelegate.m; sourceTree = "<group>"; };
		59E7BA301D640CDD00696AF4 /* ViewController.h */ = {isa = PBXFileReference; lastKnownFileType = sourcecode.c.h; path = ViewController.h; sourceTree = "<group>"; };
		59E7BA311D640CDD00696AF4 /* ViewController.m */ = {isa = PBXFileReference; lastKnownFileType = sourcecode.c.objc; path = ViewController.m; sourceTree = "<group>"; };
		59E7BA341D640CDD00696AF4 /* Base */ = {isa = PBXFileReference; lastKnownFileType = file.storyboard; name = Base; path = Base.lproj/Main.storyboard; sourceTree = "<group>"; };
		59E7BA361D640CDD00696AF4 /* Assets.xcassets */ = {isa = PBXFileReference; lastKnownFileType = folder.assetcatalog; path = Assets.xcassets; sourceTree = "<group>"; };
		59E7BA391D640CDE00696AF4 /* Base */ = {isa = PBXFileReference; lastKnownFileType = file.storyboard; name = Base; path = Base.lproj/LaunchScreen.storyboard; sourceTree = "<group>"; };
		59E7BA3B1D640CDE00696AF4 /* Info.plist */ = {isa = PBXFileReference; lastKnownFileType = text.plist.xml; path = Info.plist; sourceTree = "<group>"; };
		59E7BA4C1D6446F700696AF4 /* image.png */ = {isa = PBXFileReference; lastKnownFileType = image.png; path = image.png; sourceTree = "<group>"; };
		59E7BA4F1D646F2700696AF4 /* SUtil.h */ = {isa = PBXFileReference; fileEncoding = 4; lastKnownFileType = sourcecode.c.h; path = SUtil.h; sourceTree = "<group>"; };
		59E7BA501D646F2700696AF4 /* SUtil.m */ = {isa = PBXFileReference; fileEncoding = 4; lastKnownFileType = sourcecode.c.objc; path = SUtil.m; sourceTree = "<group>"; };
/* End PBXFileReference section */

/* Begin PBXFrameworksBuildPhase section */
		59E7BA241D640CDD00696AF4 /* Frameworks */ = {
			isa = PBXFrameworksBuildPhase;
			buildActionMask = 2147483647;
			files = (
			);
			runOnlyForDeploymentPostprocessing = 0;
		};
/* End PBXFrameworksBuildPhase section */

/* Begin PBXGroup section */
		59E7BA1E1D640CDD00696AF4 = {
			isa = PBXGroup;
			children = (
				59E7BA291D640CDD00696AF4 /* SUtilDemo */,
				59E7BA281D640CDD00696AF4 /* Products */,
			);
			sourceTree = "<group>";
		};
		59E7BA281D640CDD00696AF4 /* Products */ = {
			isa = PBXGroup;
			children = (
				59E7BA271D640CDD00696AF4 /* SUtilDemo.app */,
			);
			name = Products;
			sourceTree = "<group>";
		};
		59E7BA291D640CDD00696AF4 /* SUtilDemo */ = {
			isa = PBXGroup;
			children = (
				59E7BA4C1D6446F700696AF4 /* image.png */,
				59E7BA4E1D646F2700696AF4 /* SUtil */,
				59E7BA2D1D640CDD00696AF4 /* AppDelegate.h */,
				59E7BA2E1D640CDD00696AF4 /* AppDelegate.m */,
				59E7BA301D640CDD00696AF4 /* ViewController.h */,
				59E7BA311D640CDD00696AF4 /* ViewController.m */,
				59E7BA331D640CDD00696AF4 /* Main.storyboard */,
				59E7BA361D640CDD00696AF4 /* Assets.xcassets */,
				59E7BA381D640CDE00696AF4 /* LaunchScreen.storyboard */,
				59E7BA3B1D640CDE00696AF4 /* Info.plist */,
				59E7BA2A1D640CDD00696AF4 /* Supporting Files */,
			);
			path = SUtilDemo;
			sourceTree = "<group>";
		};
		59E7BA2A1D640CDD00696AF4 /* Supporting Files */ = {
			isa = PBXGroup;
			children = (
				59E7BA2B1D640CDD00696AF4 /* main.m */,
			);
			name = "Supporting Files";
			sourceTree = "<group>";
		};
		59E7BA4E1D646F2700696AF4 /* SUtil */ = {
			isa = PBXGroup;
			children = (
				59E7BA4F1D646F2700696AF4 /* SUtil.h */,
				59E7BA501D646F2700696AF4 /* SUtil.m */,
			);
			path = SUtil;
			sourceTree = "<group>";
		};
/* End PBXGroup section */

/* Begin PBXNativeTarget section */
		59E7BA261D640CDD00696AF4 /* SUtilDemo */ = {
			isa = PBXNativeTarget;
			buildConfigurationList = 59E7BA3E1D640CDE00696AF4 /* Build configuration list for PBXNativeTarget "SUtilDemo" */;
			buildPhases = (
				59E7BA231D640CDD00696AF4 /* Sources */,
				59E7BA241D640CDD00696AF4 /* Frameworks */,
				59E7BA251D640CDD00696AF4 /* Resources */,
			);
			buildRules = (
			);
			dependencies = (
			);
			name = SUtilDemo;
			productName = SUtilDemo;
			productReference = 59E7BA271D640CDD00696AF4 /* SUtilDemo.app */;
			productType = "com.apple.product-type.application";
		};
/* End PBXNativeTarget section */

/* Begin PBXProject section */
		59E7BA1F1D640CDD00696AF4 /* Project object */ = {
			isa = PBXProject;
			attributes = {
				LastUpgradeCheck = 0730;
				ORGANIZATIONNAME = Spring;
				TargetAttributes = {
					59E7BA261D640CDD00696AF4 = {
						CreatedOnToolsVersion = 7.3;
					};
				};
			};
			buildConfigurationList = 59E7BA221D640CDD00696AF4 /* Build configuration list for PBXProject "SUtilDemo" */;
			compatibilityVersion = "Xcode 3.2";
			developmentRegion = English;
			hasScannedForEncodings = 0;
			knownRegions = (
				en,
				Base,
			);
			mainGroup = 59E7BA1E1D640CDD00696AF4;
			productRefGroup = 59E7BA281D640CDD00696AF4 /* Products */;
			projectDirPath = "";
			projectRoot = "";
			targets = (
				59E7BA261D640CDD00696AF4 /* SUtilDemo */,
			);
		};
/* End PBXProject section */

/* Begin PBXResourcesBuildPhase section */
		59E7BA251D640CDD00696AF4 /* Resources */ = {
			isa = PBXResourcesBuildPhase;
			buildActionMask = 2147483647;
			files = (
				59E7BA4D1D6446F700696AF4 /* image.png in Resources */,
				59E7BA3A1D640CDE00696AF4 /* LaunchScreen.storyboard in Resources */,
				59E7BA371D640CDE00696AF4 /* Assets.xcassets in Resources */,
				59E7BA351D640CDD00696AF4 /* Main.storyboard in Resources */,
			);
			runOnlyForDeploymentPostprocessing = 0;
		};
/* End PBXResourcesBuildPhase section */

/* Begin PBXSourcesBuildPhase section */
		59E7BA231D640CDD00696AF4 /* Sources */ = {
			isa = PBXSourcesBuildPhase;
			buildActionMask = 2147483647;
			files = (
				59E7BA321D640CDD00696AF4 /* ViewController.m in Sources */,
				59E7BA2F1D640CDD00696AF4 /* AppDelegate.m in Sources */,
				59E7BA2C1D640CDD00696AF4 /* main.m in Sources */,
				59E7BA511D646F2700696AF4 /* SUtil.m in Sources */,
			);
			runOnlyForDeploymentPostprocessing = 0;
		};
/* End PBXSourcesBuildPhase section */

/* Begin PBXVariantGroup section */
		59E7BA331D640CDD00696AF4 /* Main.storyboard */ = {
			isa = PBXVariantGroup;
			children = (
				59E7BA341D640CDD00696AF4 /* Base */,
			);
			name = Main.storyboard;
			sourceTree = "<group>";
		};
		59E7BA381D640CDE00696AF4 /* LaunchScreen.storyboard */ = {
			isa = PBXVariantGroup;
			children = (
				59E7BA391D640CDE00696AF4 /* Base */,
			);
			name = LaunchScreen.storyboard;
			sourceTree = "<group>";
		};
/* End PBXVariantGroup section */

/* Begin XCBuildConfiguration section */
		59E7BA3C1D640CDE00696AF4 /* Debug */ = {
			isa = XCBuildConfiguration;
			buildSettings = {
				ALWAYS_SEARCH_USER_PATHS = NO;
				CLANG_ANALYZER_NONNULL = YES;
				CLANG_CXX_LANGUAGE_STANDARD = "gnu++0x";
				CLANG_CXX_LIBRARY = "libc++";
				CLANG_ENABLE_MODULES = YES;
				CLANG_ENABLE_OBJC_ARC = YES;
				CLANG_WARN_BOOL_CONVERSION = YES;
				CLANG_WARN_CONSTANT_CONVERSION = YES;
				CLANG_WARN_DIRECT_OBJC_ISA_USAGE = YES_ERROR;
				CLANG_WARN_EMPTY_BODY = YES;
				CLANG_WARN_ENUM_CONVERSION = YES;
				CLANG_WARN_INT_CONVERSION = YES;
				CLANG_WARN_OBJC_ROOT_CLASS = YES_ERROR;
				CLANG_WARN_UNREACHABLE_CODE = YES;
				CLANG_WARN__DUPLICATE_METHOD_MATCH = YES;
				"CODE_SIGN_IDENTITY[sdk=iphoneos*]" = "iPhone Developer";
				COPY_PHASE_STRIP = NO;
				DEBUG_INFORMATION_FORMAT = dwarf;
				ENABLE_STRICT_OBJC_MSGSEND = YES;
				ENABLE_TESTABILITY = YES;
				GCC_C_LANGUAGE_STANDARD = gnu99;
				GCC_DYNAMIC_NO_PIC = NO;
				GCC_NO_COMMON_BLOCKS = YES;
				GCC_OPTIMIZATION_LEVEL = 0;
				GCC_PREPROCESSOR_DEFINITIONS = (
					"DEBUG=1",
					"$(inherited)",
				);
				GCC_WARN_64_TO_32_BIT_CONVERSION = YES;
				GCC_WARN_ABOUT_RETURN_TYPE = YES_ERROR;
				GCC_WARN_UNDECLARED_SELECTOR = YES;
				GCC_WARN_UNINITIALIZED_AUTOS = YES_AGGRESSIVE;
				GCC_WARN_UNUSED_FUNCTION = YES;
				GCC_WARN_UNUSED_VARIABLE = YES;
				IPHONEOS_DEPLOYMENT_TARGET = 9.3;
				MTL_ENABLE_DEBUG_INFO = YES;
				ONLY_ACTIVE_ARCH = YES;
				SDKROOT = iphoneos;
			};
			name = Debug;
		};
		59E7BA3D1D640CDE00696AF4 /* Release */ = {
			isa = XCBuildConfiguration;
			buildSettings = {
				ALWAYS_SEARCH_USER_PATHS = NO;
				CLANG_ANALYZER_NONNULL = YES;
				CLANG_CXX_LANGUAGE_STANDARD = "gnu++0x";
				CLANG_CXX_LIBRARY = "libc++";
				CLANG_ENABLE_MODULES = YES;
				CLANG_ENABLE_OBJC_ARC = YES;
				CLANG_WARN_BOOL_CONVERSION = YES;
				CLANG_WARN_CONSTANT_CONVERSION = YES;
				CLANG_WARN_DIRECT_OBJC_ISA_USAGE = YES_ERROR;
				CLANG_WARN_EMPTY_BODY = YES;
				CLANG_WARN_ENUM_CONVERSION = YES;
				CLANG_WARN_INT_CONVERSION = YES;
				CLANG_WARN_OBJC_ROOT_CLASS = YES_ERROR;
				CLANG_WARN_UNREACHABLE_CODE = YES;
				CLANG_WARN__DUPLICATE_METHOD_MATCH = YES;
				"CODE_SIGN_IDENTITY[sdk=iphoneos*]" = "iPhone Developer";
				COPY_PHASE_STRIP = NO;
				DEBUG_INFORMATION_FORMAT = "dwarf-with-dsym";
				ENABLE_NS_ASSERTIONS = NO;
				ENABLE_STRICT_OBJC_MSGSEND = YES;
				GCC_C_LANGUAGE_STANDARD = gnu99;
				GCC_NO_COMMON_BLOCKS = YES;
				GCC_WARN_64_TO_32_BIT_CONVERSION = YES;
				GCC_WARN_ABOUT_RETURN_TYPE = YES_ERROR;
				GCC_WARN_UNDECLARED_SELECTOR = YES;
				GCC_WARN_UNINITIALIZED_AUTOS = YES_AGGRESSIVE;
				GCC_WARN_UNUSED_FUNCTION = YES;
				GCC_WARN_UNUSED_VARIABLE = YES;
				IPHONEOS_DEPLOYMENT_TARGET = 9.3;
				MTL_ENABLE_DEBUG_INFO = NO;
				SDKROOT = iphoneos;
				VALIDATE_PRODUCT = YES;
			};
			name = Release;
		};
		59E7BA3F1D640CDE00696AF4 /* Debug */ = {
			isa = XCBuildConfiguration;
			buildSettings = {
				ASSETCATALOG_COMPILER_APPICON_NAME = AppIcon;
				INFOPLIST_FILE = SUtilDemo/Info.plist;
				LD_RUNPATH_SEARCH_PATHS = "$(inherited) @executable_path/Frameworks";
				PRODUCT_BUNDLE_IDENTIFIER = com.spring.SUtilDemo;
				PRODUCT_NAME = "$(TARGET_NAME)";
			};
			name = Debug;
		};
		59E7BA401D640CDE00696AF4 /* Release */ = {
			isa = XCBuildConfiguration;
			buildSettings = {
				ASSETCATALOG_COMPILER_APPICON_NAME = AppIcon;
				INFOPLIST_FILE = SUtilDemo/Info.plist;
				LD_RUNPATH_SEARCH_PATHS = "$(inherited) @executable_path/Frameworks";
				PRODUCT_BUNDLE_IDENTIFIER = com.spring.SUtilDemo;
				PRODUCT_NAME = "$(TARGET_NAME)";
			};
			name = Release;
		};
/* End XCBuildConfiguration section */

/* Begin XCConfigurationList section */
		59E7BA221D640CDD00696AF4 /* Build configuration list for PBXProject "SUtilDemo" */ = {
			isa = XCConfigurationList;
			buildConfigurations = (
				59E7BA3C1D640CDE00696AF4 /* Debug */,
				59E7BA3D1D640CDE00696AF4 /* Release */,
			);
			defaultConfigurationIsVisible = 0;
			defaultConfigurationName = Release;
		};
		59E7BA3E1D640CDE00696AF4 /* Build configuration list for PBXNativeTarget "SUtilDemo" */ = {
			isa = XCConfigurationList;
			buildConfigurations = (
				59E7BA3F1D640CDE00696AF4 /* Debug */,
				59E7BA401D640CDE00696AF4 /* Release */,
			);
			defaultConfigurationIsVisible = 0;
			defaultConfigurationName = Release;
		};
/* End XCConfigurationList section */
	};
	rootObject = 59E7BA1F1D640CDD00696AF4 /* Project object */;
}
